
Microsoft Visual Studio Solution File, Format Version 12.00
# Visual Studio Version 17
VisualStudioVersion = 17.1.32210.238
MinimumVisualStudioVersion = 10.0.40219.1
Project("{FAE04EC0-301F-11D3-BF4B-00C04F79EFBC}") = "Program", "Program\Program.csproj", "{9872F194-CAF5-407D-AD81-9D63DB87F846}"
EndProject
Global
	GlobalSection(SolutionConfigurationPlatforms) = preSolution
		Debug|Any CPU = Debug|Any CPU
		Release|Any CPU = Release|Any CPU
	EndGlobalSection
	GlobalSection(ProjectConfigurationPlatforms) = postSolution
		{9872F194-CAF5-407D-AD81-9D63DB87F846}.Debug|Any CPU.ActiveCfg = Debug|Any CPU
		{9872F194-CAF5-407D-AD81-9D63DB87F846}.Debug|Any CPU.Build.0 = Debug|Any CPU
		{9872F194-CAF5-407D-AD81-9D63DB87F846}.Release|Any CPU.ActiveCfg = Release|Any CPU
		{9872F194-CAF5-407D-AD81-9D63DB87F846}.Release|Any CPU.Build.0 = Release|Any CPU
	EndGlobalSection
	GlobalSection(SolutionProperties) = preSolution
		HideSolutionNode = FALSE
	EndGlobalSection
	GlobalSection(ExtensibilityGlobals) = postSolution
		SolutionGuid = {689B571B-0FF5-4913-837B-902F8673E5BE}
	EndGlobalSection
EndGlobal
